
Microsoft Visual Studio Solution File, Format Version 12.00
# Visual Studio 15
VisualStudioVersion = 15.0.27703.2000
MinimumVisualStudioVersion = 10.0.40219.1
Project("{FAE04EC0-301F-11D3-BF4B-00C04F79EFBC}") = "AfDLehrer", "AfDLehrer\AfDLehrer.csproj", "{67649F32-D98A-4D5B-9F72-39FB997CBCE4}"
EndProject
Project("{FAE04EC0-301F-11D3-BF4B-00C04F79EFBC}") = "DownloadSchools", "DownloadSchools\DownloadSchools.csproj", "{200B0335-9F72-42C0-A411-51AAD309E890}"
EndProject
Global
	GlobalSection(SolutionConfigurationPlatforms) = preSolution
		Debug|Any CPU = Debug|Any CPU
		Release|Any CPU = Release|Any CPU
	EndGlobalSection
	GlobalSection(ProjectConfigurationPlatforms) = postSolution
		{67649F32-D98A-4D5B-9F72-39FB997CBCE4}.Debug|Any CPU.ActiveCfg = Debug|Any CPU
		{67649F32-D98A-4D5B-9F72-39FB997CBCE4}.Debug|Any CPU.Build.0 = Debug|Any CPU
		{67649F32-D98A-4D5B-9F72-39FB997CBCE4}.Release|Any CPU.ActiveCfg = Release|Any CPU
		{67649F32-D98A-4D5B-9F72-39FB997CBCE4}.Release|Any CPU.Build.0 = Release|Any CPU
		{200B0335-9F72-42C0-A411-51AAD309E890}.Debug|Any CPU.ActiveCfg = Debug|Any CPU
		{200B0335-9F72-42C0-A411-51AAD309E890}.Debug|Any CPU.Build.0 = Debug|Any CPU
		{200B0335-9F72-42C0-A411-51AAD309E890}.Release|Any CPU.ActiveCfg = Release|Any CPU
		{200B0335-9F72-42C0-A411-51AAD309E890}.Release|Any CPU.Build.0 = Release|Any CPU
	EndGlobalSection
	GlobalSection(SolutionProperties) = preSolution
		HideSolutionNode = FALSE
	EndGlobalSection
	GlobalSection(ExtensibilityGlobals) = postSolution
		SolutionGuid = {D5396BA6-CAEC-4D1F-9367-0C8717F31743}
	EndGlobalSection
EndGlobal
